// !$*UTF8*$!
{
	archiveVersion = 1;
	classes = {
	};
	objectVersion = 56;
	objects = {

/* Begin PBXBuildFile section */
		9001010C28F0819800B378A7 /* TOUCHDOWNApp.swift in Sources */ = {isa = PBXBuildFile; fileRef = 9001010B28F0819800B378A7 /* TOUCHDOWNApp.swift */; };
		9001010E28F0819800B378A7 /* ContentView.swift in Sources */ = {isa = PBXBuildFile; fileRef = 9001010D28F0819800B378A7 /* ContentView.swift */; };
		9001011028F0819A00B378A7 /* Assets.xcassets in Resources */ = {isa = PBXBuildFile; fileRef = 9001010F28F0819A00B378A7 /* Assets.xcassets */; };
		9001011328F0819A00B378A7 /* Preview Assets.xcassets in Resources */ = {isa = PBXBuildFile; fileRef = 9001011228F0819A00B378A7 /* Preview Assets.xcassets */; };
		9001011D28F0819A00B378A7 /* TOUCHDOWNTests.swift in Sources */ = {isa = PBXBuildFile; fileRef = 9001011C28F0819A00B378A7 /* TOUCHDOWNTests.swift */; };
		9001012728F0819A00B378A7 /* TOUCHDOWNUITests.swift in Sources */ = {isa = PBXBuildFile; fileRef = 9001012628F0819A00B378A7 /* TOUCHDOWNUITests.swift */; };
		9001012928F0819A00B378A7 /* TOUCHDOWNUITestsLaunchTests.swift in Sources */ = {isa = PBXBuildFile; fileRef = 9001012828F0819A00B378A7 /* TOUCHDOWNUITestsLaunchTests.swift */; };
		90030A3728F1E2290051B45E /* NavigationBarView.swift in Sources */ = {isa = PBXBuildFile; fileRef = 90030A3628F1E2290051B45E /* NavigationBarView.swift */; };
		90030A3928F1E33A0051B45E /* LogoView.swift in Sources */ = {isa = PBXBuildFile; fileRef = 90030A3828F1E33A0051B45E /* LogoView.swift */; };
		906AE4A828F3260D0093A88F /* CategoryModel.swift in Sources */ = {isa = PBXBuildFile; fileRef = 906AE4A728F3260D0093A88F /* CategoryModel.swift */; };
		906AE4AA28F326CC0093A88F /* CategoryItemView.swift in Sources */ = {isa = PBXBuildFile; fileRef = 906AE4A928F326CC0093A88F /* CategoryItemView.swift */; };
		906AE4AC28F328C80093A88F /* CategoryGridView.swift in Sources */ = {isa = PBXBuildFile; fileRef = 906AE4AB28F328C80093A88F /* CategoryGridView.swift */; };
		906AE4AE28F32A760093A88F /* SectionView.swift in Sources */ = {isa = PBXBuildFile; fileRef = 906AE4AD28F32A760093A88F /* SectionView.swift */; };
		90B71DDF28F25F2F003D26C4 /* PlayerModel.swift in Sources */ = {isa = PBXBuildFile; fileRef = 90B71DDE28F25F2F003D26C4 /* PlayerModel.swift */; };
		90B71DE128F25F6B003D26C4 /* CodableBundleExtension.swift in Sources */ = {isa = PBXBuildFile; fileRef = 90B71DE028F25F6B003D26C4 /* CodableBundleExtension.swift */; };
		90B71DE328F2607D003D26C4 /* FeaturedItemView.swift in Sources */ = {isa = PBXBuildFile; fileRef = 90B71DE228F2607D003D26C4 /* FeaturedItemView.swift */; };
		90B71DE528F260E9003D26C4 /* FeaturedTabView.swift in Sources */ = {isa = PBXBuildFile; fileRef = 90B71DE428F260E9003D26C4 /* FeaturedTabView.swift */; };
		90F0FC9228F105E000E9D21F /* category.json in Resources */ = {isa = PBXBuildFile; fileRef = 90F0FC8E28F105E000E9D21F /* category.json */; };
		90F0FC9328F105E000E9D21F /* brand.json in Resources */ = {isa = PBXBuildFile; fileRef = 90F0FC8F28F105E000E9D21F /* brand.json */; };
		90F0FC9428F105E000E9D21F /* player.json in Resources */ = {isa = PBXBuildFile; fileRef = 90F0FC9028F105E000E9D21F /* player.json */; };
		90F0FC9528F105E000E9D21F /* product.json in Resources */ = {isa = PBXBuildFile; fileRef = 90F0FC9128F105E000E9D21F /* product.json */; };
		90F0FCA028F106D900E9D21F /* Constant.swift in Sources */ = {isa = PBXBuildFile; fileRef = 90F0FC9F28F106D900E9D21F /* Constant.swift */; };
		90F0FCA228F1076C00E9D21F /* FooterView.swift in Sources */ = {isa = PBXBuildFile; fileRef = 90F0FCA128F1076C00E9D21F /* FooterView.swift */; };
/* End PBXBuildFile section */

/* Begin PBXContainerItemProxy section */
		9001011928F0819A00B378A7 /* PBXContainerItemProxy */ = {
			isa = PBXContainerItemProxy;
			containerPortal = 9001010028F0819800B378A7 /* Project object */;
			proxyType = 1;
			remoteGlobalIDString = 9001010728F0819800B378A7;
			remoteInfo = TOUCHDOWN;
		};
		9001012328F0819A00B378A7 /* PBXContainerItemProxy */ = {
			isa = PBXContainerItemProxy;
			containerPortal = 9001010028F0819800B378A7 /* Project object */;
			proxyType = 1;
			remoteGlobalIDString = 9001010728F0819800B378A7;
			remoteInfo = TOUCHDOWN;
		};
/* End PBXContainerItemProxy section */

/* Begin PBXFileReference section */
		9001010828F0819800B378A7 /* TOUCHDOWN.app */ = {isa = PBXFileReference; explicitFileType = wrapper.application; includeInIndex = 0; path = TOUCHDOWN.app; sourceTree = BUILT_PRODUCTS_DIR; };
		9001010B28F0819800B378A7 /* TOUCHDOWNApp.swift */ = {isa = PBXFileReference; lastKnownFileType = sourcecode.swift; path = TOUCHDOWNApp.swift; sourceTree = "<group>"; };
		9001010D28F0819800B378A7 /* ContentView.swift */ = {isa = PBXFileReference; lastKnownFileType = sourcecode.swift; path = ContentView.swift; sourceTree = "<group>"; };
		9001010F28F0819A00B378A7 /* Assets.xcassets */ = {isa = PBXFileReference; lastKnownFileType = folder.assetcatalog; path = Assets.xcassets; sourceTree = "<group>"; };
		9001011228F0819A00B378A7 /* Preview Assets.xcassets */ = {isa = PBXFileReference; lastKnownFileType = folder.assetcatalog; path = "Preview Assets.xcassets"; sourceTree = "<group>"; };
		9001011828F0819A00B378A7 /* TOUCHDOWNTests.xctest */ = {isa = PBXFileReference; explicitFileType = wrapper.cfbundle; includeInIndex = 0; path = TOUCHDOWNTests.xctest; sourceTree = BUILT_PRODUCTS_DIR; };
		9001011C28F0819A00B378A7 /* TOUCHDOWNTests.swift */ = {isa = PBXFileReference; lastKnownFileType = sourcecode.swift; path = TOUCHDOWNTests.swift; sourceTree = "<group>"; };
		9001012228F0819A00B378A7 /* TOUCHDOWNUITests.xctest */ = {isa = PBXFileReference; explicitFileType = wrapper.cfbundle; includeInIndex = 0; path = TOUCHDOWNUITests.xctest; sourceTree = BUILT_PRODUCTS_DIR; };
		9001012628F0819A00B378A7 /* TOUCHDOWNUITests.swift */ = {isa = PBXFileReference; lastKnownFileType = sourcecode.swift; path = TOUCHDOWNUITests.swift; sourceTree = "<group>"; };
		9001012828F0819A00B378A7 /* TOUCHDOWNUITestsLaunchTests.swift */ = {isa = PBXFileReference; lastKnownFileType = sourcecode.swift; path = TOUCHDOWNUITestsLaunchTests.swift; sourceTree = "<group>"; };
		90030A3628F1E2290051B45E /* NavigationBarView.swift */ = {isa = PBXFileReference; lastKnownFileType = sourcecode.swift; path = NavigationBarView.swift; sourceTree = "<group>"; };
		90030A3828F1E33A0051B45E /* LogoView.swift */ = {isa = PBXFileReference; lastKnownFileType = sourcecode.swift; path = LogoView.swift; sourceTree = "<group>"; };
		906AE4A728F3260D0093A88F /* CategoryModel.swift */ = {isa = PBXFileReference; lastKnownFileType = sourcecode.swift; path = CategoryModel.swift; sourceTree = "<group>"; };
		906AE4A928F326CC0093A88F /* CategoryItemView.swift */ = {isa = PBXFileReference; lastKnownFileType = sourcecode.swift; path = CategoryItemView.swift; sourceTree = "<group>"; };
		906AE4AB28F328C80093A88F /* CategoryGridView.swift */ = {isa = PBXFileReference; lastKnownFileType = sourcecode.swift; path = CategoryGridView.swift; sourceTree = "<group>"; };
		906AE4AD28F32A760093A88F /* SectionView.swift */ = {isa = PBXFileReference; lastKnownFileType = sourcecode.swift; path = SectionView.swift; sourceTree = "<group>"; };
		90B71DDE28F25F2F003D26C4 /* PlayerModel.swift */ = {isa = PBXFileReference; lastKnownFileType = sourcecode.swift; path = PlayerModel.swift; sourceTree = "<group>"; };
		90B71DE028F25F6B003D26C4 /* CodableBundleExtension.swift */ = {isa = PBXFileReference; lastKnownFileType = sourcecode.swift; path = CodableBundleExtension.swift; sourceTree = "<group>"; };
		90B71DE228F2607D003D26C4 /* FeaturedItemView.swift */ = {isa = PBXFileReference; lastKnownFileType = sourcecode.swift; path = FeaturedItemView.swift; sourceTree = "<group>"; };
		90B71DE428F260E9003D26C4 /* FeaturedTabView.swift */ = {isa = PBXFileReference; lastKnownFileType = sourcecode.swift; path = FeaturedTabView.swift; sourceTree = "<group>"; };
		90F0FC8E28F105E000E9D21F /* category.json */ = {isa = PBXFileReference; fileEncoding = 4; lastKnownFileType = text.json; path = category.json; sourceTree = "<group>"; };
		90F0FC8F28F105E000E9D21F /* brand.json */ = {isa = PBXFileReference; fileEncoding = 4; lastKnownFileType = text.json; path = brand.json; sourceTree = "<group>"; };
		90F0FC9028F105E000E9D21F /* player.json */ = {isa = PBXFileReference; fileEncoding = 4; lastKnownFileType = text.json; path = player.json; sourceTree = "<group>"; };
		90F0FC9128F105E000E9D21F /* product.json */ = {isa = PBXFileReference; fileEncoding = 4; lastKnownFileType = text.json; path = product.json; sourceTree = "<group>"; };
		90F0FC9728F1063E00E9D21F /* Info.plist */ = {isa = PBXFileReference; lastKnownFileType = text.plist; path = Info.plist; sourceTree = "<group>"; };
		90F0FC9F28F106D900E9D21F /* Constant.swift */ = {isa = PBXFileReference; lastKnownFileType = sourcecode.swift; path = Constant.swift; sourceTree = "<group>"; };
		90F0FCA128F1076C00E9D21F /* FooterView.swift */ = {isa = PBXFileReference; lastKnownFileType = sourcecode.swift; path = FooterView.swift; sourceTree = "<group>"; };
/* End PBXFileReference section */

/* Begin PBXFrameworksBuildPhase section */
		9001010528F0819800B378A7 /* Frameworks */ = {
			isa = PBXFrameworksBuildPhase;
			buildActionMask = 2147483647;
			files = (
			);
			runOnlyForDeploymentPostprocessing = 0;
		};
		9001011528F0819A00B378A7 /* Frameworks */ = {
			isa = PBXFrameworksBuildPhase;
			buildActionMask = 2147483647;
			files = (
			);
			runOnlyForDeploymentPostprocessing = 0;
		};
		9001011F28F0819A00B378A7 /* Frameworks */ = {
			isa = PBXFrameworksBuildPhase;
			buildActionMask = 2147483647;
			files = (
			);
			runOnlyForDeploymentPostprocessing = 0;
		};
/* End PBXFrameworksBuildPhase section */

/* Begin PBXGroup section */
		900100FF28F0819800B378A7 = {
			isa = PBXGroup;
			children = (
				9001010A28F0819800B378A7 /* TOUCHDOWN */,
				9001011B28F0819A00B378A7 /* TOUCHDOWNTests */,
				9001012528F0819A00B378A7 /* TOUCHDOWNUITests */,
				9001010928F0819800B378A7 /* Products */,
			);
			sourceTree = "<group>";
		};
		9001010928F0819800B378A7 /* Products */ = {
			isa = PBXGroup;
			children = (
				9001010828F0819800B378A7 /* TOUCHDOWN.app */,
				9001011828F0819A00B378A7 /* TOUCHDOWNTests.xctest */,
				9001012228F0819A00B378A7 /* TOUCHDOWNUITests.xctest */,
			);
			name = Products;
			sourceTree = "<group>";
		};
		9001010A28F0819800B378A7 /* TOUCHDOWN */ = {
			isa = PBXGroup;
			children = (
				90F0FC9E28F106C400E9D21F /* Utility */,
				90F0FC9D28F106B800E9D21F /* Extension */,
				90F0FC9C28F106B400E9D21F /* Model */,
				90F0FC9928F106A400E9D21F /* View */,
				90F0FC9728F1063E00E9D21F /* Info.plist */,
				90F0FC9628F105ED00E9D21F /* Data */,
				90F0FC9828F1069600E9D21F /* App */,
				9001010F28F0819A00B378A7 /* Assets.xcassets */,
				9001011128F0819A00B378A7 /* Preview Content */,
			);
			path = TOUCHDOWN;
			sourceTree = "<group>";
		};
		9001011128F0819A00B378A7 /* Preview Content */ = {
			isa = PBXGroup;
			children = (
				9001011228F0819A00B378A7 /* Preview Assets.xcassets */,
			);
			path = "Preview Content";
			sourceTree = "<group>";
		};
		9001011B28F0819A00B378A7 /* TOUCHDOWNTests */ = {
			isa = PBXGroup;
			children = (
				9001011C28F0819A00B378A7 /* TOUCHDOWNTests.swift */,
			);
			path = TOUCHDOWNTests;
			sourceTree = "<group>";
		};
		9001012528F0819A00B378A7 /* TOUCHDOWNUITests */ = {
			isa = PBXGroup;
			children = (
				9001012628F0819A00B378A7 /* TOUCHDOWNUITests.swift */,
				9001012828F0819A00B378A7 /* TOUCHDOWNUITestsLaunchTests.swift */,
			);
			path = TOUCHDOWNUITests;
			sourceTree = "<group>";
		};
		90F0FC9628F105ED00E9D21F /* Data */ = {
			isa = PBXGroup;
			children = (
				90F0FC8F28F105E000E9D21F /* brand.json */,
				90F0FC8E28F105E000E9D21F /* category.json */,
				90F0FC9028F105E000E9D21F /* player.json */,
				90F0FC9128F105E000E9D21F /* product.json */,
			);
			path = Data;
			sourceTree = "<group>";
		};
		90F0FC9828F1069600E9D21F /* App */ = {
			isa = PBXGroup;
			children = (
				9001010B28F0819800B378A7 /* TOUCHDOWNApp.swift */,
				9001010D28F0819800B378A7 /* ContentView.swift */,
			);
			path = App;
			sourceTree = "<group>";
		};
		90F0FC9928F106A400E9D21F /* View */ = {
			isa = PBXGroup;
			children = (
				90F0FC9B28F106AD00E9D21F /* Detail */,
				90F0FC9A28F106A900E9D21F /* Home */,
			);
			path = View;
			sourceTree = "<group>";
		};
		90F0FC9A28F106A900E9D21F /* Home */ = {
			isa = PBXGroup;
			children = (
				90F0FCA128F1076C00E9D21F /* FooterView.swift */,
				90030A3628F1E2290051B45E /* NavigationBarView.swift */,
				90030A3828F1E33A0051B45E /* LogoView.swift */,
				90B71DE228F2607D003D26C4 /* FeaturedItemView.swift */,
				90B71DE428F260E9003D26C4 /* FeaturedTabView.swift */,
				906AE4A928F326CC0093A88F /* CategoryItemView.swift */,
				906AE4AB28F328C80093A88F /* CategoryGridView.swift */,
				906AE4AD28F32A760093A88F /* SectionView.swift */,
			);
			path = Home;
			sourceTree = "<group>";
		};
		90F0FC9B28F106AD00E9D21F /* Detail */ = {
			isa = PBXGroup;
			children = (
			);
			path = Detail;
			sourceTree = "<group>";
		};
		90F0FC9C28F106B400E9D21F /* Model */ = {
			isa = PBXGroup;
			children = (
				90B71DDE28F25F2F003D26C4 /* PlayerModel.swift */,
				906AE4A728F3260D0093A88F /* CategoryModel.swift */,
			);
			path = Model;
			sourceTree = "<group>";
		};
		90F0FC9D28F106B800E9D21F /* Extension */ = {
			isa = PBXGroup;
			children = (
				90B71DE028F25F6B003D26C4 /* CodableBundleExtension.swift */,
			);
			path = Extension;
			sourceTree = "<group>";
		};
		90F0FC9E28F106C400E9D21F /* Utility */ = {
			isa = PBXGroup;
			children = (
				90F0FC9F28F106D900E9D21F /* Constant.swift */,
			);
			path = Utility;
			sourceTree = "<group>";
		};
/* End PBXGroup section */

/* Begin PBXNativeTarget section */
		9001010728F0819800B378A7 /* TOUCHDOWN */ = {
			isa = PBXNativeTarget;
			buildConfigurationList = 9001012C28F0819A00B378A7 /* Build configuration list for PBXNativeTarget "TOUCHDOWN" */;
			buildPhases = (
				9001010428F0819800B378A7 /* Sources */,
				9001010528F0819800B378A7 /* Frameworks */,
				9001010628F0819800B378A7 /* Resources */,
			);
			buildRules = (
			);
			dependencies = (
			);
			name = TOUCHDOWN;
			productName = TOUCHDOWN;
			productReference = 9001010828F0819800B378A7 /* TOUCHDOWN.app */;
			productType = "com.apple.product-type.application";
		};
		9001011728F0819A00B378A7 /* TOUCHDOWNTests */ = {
			isa = PBXNativeTarget;
			buildConfigurationList = 9001012F28F0819A00B378A7 /* Build configuration list for PBXNativeTarget "TOUCHDOWNTests" */;
			buildPhases = (
				9001011428F0819A00B378A7 /* Sources */,
				9001011528F0819A00B378A7 /* Frameworks */,
				9001011628F0819A00B378A7 /* Resources */,
			);
			buildRules = (
			);
			dependencies = (
				9001011A28F0819A00B378A7 /* PBXTargetDependency */,
			);
			name = TOUCHDOWNTests;
			productName = TOUCHDOWNTests;
			productReference = 9001011828F0819A00B378A7 /* TOUCHDOWNTests.xctest */;
			productType = "com.apple.product-type.bundle.unit-test";
		};
		9001012128F0819A00B378A7 /* TOUCHDOWNUITests */ = {
			isa = PBXNativeTarget;
			buildConfigurationList = 9001013228F0819A00B378A7 /* Build configuration list for PBXNativeTarget "TOUCHDOWNUITests" */;
			buildPhases = (
				9001011E28F0819A00B378A7 /* Sources */,
				9001011F28F0819A00B378A7 /* Frameworks */,
				9001012028F0819A00B378A7 /* Resources */,
			);
			buildRules = (
			);
			dependencies = (
				9001012428F0819A00B378A7 /* PBXTargetDependency */,
			);
			name = TOUCHDOWNUITests;
			productName = TOUCHDOWNUITests;
			productReference = 9001012228F0819A00B378A7 /* TOUCHDOWNUITests.xctest */;
			productType = "com.apple.product-type.bundle.ui-testing";
		};
/* End PBXNativeTarget section */

/* Begin PBXProject section */
		9001010028F0819800B378A7 /* Project object */ = {
			isa = PBXProject;
			attributes = {
				BuildIndependentTargetsInParallel = 1;
				LastSwiftUpdateCheck = 1400;
				LastUpgradeCheck = 1400;
				TargetAttributes = {
					9001010728F0819800B378A7 = {
						CreatedOnToolsVersion = 14.0.1;
					};
					9001011728F0819A00B378A7 = {
						CreatedOnToolsVersion = 14.0.1;
						TestTargetID = 9001010728F0819800B378A7;
					};
					9001012128F0819A00B378A7 = {
						CreatedOnToolsVersion = 14.0.1;
						TestTargetID = 9001010728F0819800B378A7;
					};
				};
			};
			buildConfigurationList = 9001010328F0819800B378A7 /* Build configuration list for PBXProject "TOUCHDOWN" */;
			compatibilityVersion = "Xcode 14.0";
			developmentRegion = en;
			hasScannedForEncodings = 0;
			knownRegions = (
				en,
				Base,
			);
			mainGroup = 900100FF28F0819800B378A7;
			productRefGroup = 9001010928F0819800B378A7 /* Products */;
			projectDirPath = "";
			projectRoot = "";
			targets = (
				9001010728F0819800B378A7 /* TOUCHDOWN */,
				9001011728F0819A00B378A7 /* TOUCHDOWNTests */,
				9001012128F0819A00B378A7 /* TOUCHDOWNUITests */,
			);
		};
/* End PBXProject section */

/* Begin PBXResourcesBuildPhase section */
		9001010628F0819800B378A7 /* Resources */ = {
			isa = PBXResourcesBuildPhase;
			buildActionMask = 2147483647;
			files = (
				90F0FC9428F105E000E9D21F /* player.json in Resources */,
				90F0FC9228F105E000E9D21F /* category.json in Resources */,
				90F0FC9328F105E000E9D21F /* brand.json in Resources */,
				9001011328F0819A00B378A7 /* Preview Assets.xcassets in Resources */,
				9001011028F0819A00B378A7 /* Assets.xcassets in Resources */,
				90F0FC9528F105E000E9D21F /* product.json in Resources */,
			);
			runOnlyForDeploymentPostprocessing = 0;
		};
		9001011628F0819A00B378A7 /* Resources */ = {
			isa = PBXResourcesBuildPhase;
			buildActionMask = 2147483647;
			files = (
			);
			runOnlyForDeploymentPostprocessing = 0;
		};
		9001012028F0819A00B378A7 /* Resources */ = {
			isa = PBXResourcesBuildPhase;
			buildActionMask = 2147483647;
			files = (
			);
			runOnlyForDeploymentPostprocessing = 0;
		};
/* End PBXResourcesBuildPhase section */

/* Begin PBXSourcesBuildPhase section */
		9001010428F0819800B378A7 /* Sources */ = {
			isa = PBXSourcesBuildPhase;
			buildActionMask = 2147483647;
			files = (
				90B71DE128F25F6B003D26C4 /* CodableBundleExtension.swift in Sources */,
				9001010E28F0819800B378A7 /* ContentView.swift in Sources */,
				90030A3928F1E33A0051B45E /* LogoView.swift in Sources */,
				90F0FCA228F1076C00E9D21F /* FooterView.swift in Sources */,
				90B71DE328F2607D003D26C4 /* FeaturedItemView.swift in Sources */,
				9001010C28F0819800B378A7 /* TOUCHDOWNApp.swift in Sources */,
				90F0FCA028F106D900E9D21F /* Constant.swift in Sources */,
				906AE4AC28F328C80093A88F /* CategoryGridView.swift in Sources */,
				906AE4A828F3260D0093A88F /* CategoryModel.swift in Sources */,
				90030A3728F1E2290051B45E /* NavigationBarView.swift in Sources */,
				906AE4AE28F32A760093A88F /* SectionView.swift in Sources */,
				906AE4AA28F326CC0093A88F /* CategoryItemView.swift in Sources */,
				90B71DE528F260E9003D26C4 /* FeaturedTabView.swift in Sources */,
				90B71DDF28F25F2F003D26C4 /* PlayerModel.swift in Sources */,
			);
			runOnlyForDeploymentPostprocessing = 0;
		};
		9001011428F0819A00B378A7 /* Sources */ = {
			isa = PBXSourcesBuildPhase;
			buildActionMask = 2147483647;
			files = (
				9001011D28F0819A00B378A7 /* TOUCHDOWNTests.swift in Sources */,
			);
			runOnlyForDeploymentPostprocessing = 0;
		};
		9001011E28F0819A00B378A7 /* Sources */ = {
			isa = PBXSourcesBuildPhase;
			buildActionMask = 2147483647;
			files = (
				9001012928F0819A00B378A7 /* TOUCHDOWNUITestsLaunchTests.swift in Sources */,
				9001012728F0819A00B378A7 /* TOUCHDOWNUITests.swift in Sources */,
			);
			runOnlyForDeploymentPostprocessing = 0;
		};
/* End PBXSourcesBuildPhase section */

/* Begin PBXTargetDependency section */
		9001011A28F0819A00B378A7 /* PBXTargetDependency */ = {
			isa = PBXTargetDependency;
			target = 9001010728F0819800B378A7 /* TOUCHDOWN */;
			targetProxy = 9001011928F0819A00B378A7 /* PBXContainerItemProxy */;
		};
		9001012428F0819A00B378A7 /* PBXTargetDependency */ = {
			isa = PBXTargetDependency;
			target = 9001010728F0819800B378A7 /* TOUCHDOWN */;
			targetProxy = 9001012328F0819A00B378A7 /* PBXContainerItemProxy */;
		};
/* End PBXTargetDependency section */

/* Begin XCBuildConfiguration section */
		9001012A28F0819A00B378A7 /* Debug */ = {
			isa = XCBuildConfiguration;
			buildSettings = {
				ALWAYS_SEARCH_USER_PATHS = NO;
				CLANG_ANALYZER_NONNULL = YES;
				CLANG_ANALYZER_NUMBER_OBJECT_CONVERSION = YES_AGGRESSIVE;
				CLANG_CXX_LANGUAGE_STANDARD = "gnu++20";
				CLANG_ENABLE_MODULES = YES;
				CLANG_ENABLE_OBJC_ARC = YES;
				CLANG_ENABLE_OBJC_WEAK = YES;
				CLANG_WARN_BLOCK_CAPTURE_AUTORELEASING = YES;
				CLANG_WARN_BOOL_CONVERSION = YES;
				CLANG_WARN_COMMA = YES;
				CLANG_WARN_CONSTANT_CONVERSION = YES;
				CLANG_WARN_DEPRECATED_OBJC_IMPLEMENTATIONS = YES;
				CLANG_WARN_DIRECT_OBJC_ISA_USAGE = YES_ERROR;
				CLANG_WARN_DOCUMENTATION_COMMENTS = YES;
				CLANG_WARN_EMPTY_BODY = YES;
				CLANG_WARN_ENUM_CONVERSION = YES;
				CLANG_WARN_INFINITE_RECURSION = YES;
				CLANG_WARN_INT_CONVERSION = YES;
				CLANG_WARN_NON_LITERAL_NULL_CONVERSION = YES;
				CLANG_WARN_OBJC_IMPLICIT_RETAIN_SELF = YES;
				CLANG_WARN_OBJC_LITERAL_CONVERSION = YES;
				CLANG_WARN_OBJC_ROOT_CLASS = YES_ERROR;
				CLANG_WARN_QUOTED_INCLUDE_IN_FRAMEWORK_HEADER = YES;
				CLANG_WARN_RANGE_LOOP_ANALYSIS = YES;
				CLANG_WARN_STRICT_PROTOTYPES = YES;
				CLANG_WARN_SUSPICIOUS_MOVE = YES;
				CLANG_WARN_UNGUARDED_AVAILABILITY = YES_AGGRESSIVE;
				CLANG_WARN_UNREACHABLE_CODE = YES;
				CLANG_WARN__DUPLICATE_METHOD_MATCH = YES;
				COPY_PHASE_STRIP = NO;
				DEBUG_INFORMATION_FORMAT = dwarf;
				ENABLE_STRICT_OBJC_MSGSEND = YES;
				ENABLE_TESTABILITY = YES;
				GCC_C_LANGUAGE_STANDARD = gnu11;
				GCC_DYNAMIC_NO_PIC = NO;
				GCC_NO_COMMON_BLOCKS = YES;
				GCC_OPTIMIZATION_LEVEL = 0;
				GCC_PREPROCESSOR_DEFINITIONS = (
					"DEBUG=1",
					"$(inherited)",
				);
				GCC_WARN_64_TO_32_BIT_CONVERSION = YES;
				GCC_WARN_ABOUT_RETURN_TYPE = YES_ERROR;
				GCC_WARN_UNDECLARED_SELECTOR = YES;
				GCC_WARN_UNINITIALIZED_AUTOS = YES_AGGRESSIVE;
				GCC_WARN_UNUSED_FUNCTION = YES;
				GCC_WARN_UNUSED_VARIABLE = YES;
				IPHONEOS_DEPLOYMENT_TARGET = 16.0;
				MTL_ENABLE_DEBUG_INFO = INCLUDE_SOURCE;
				MTL_FAST_MATH = YES;
				ONLY_ACTIVE_ARCH = YES;
				SDKROOT = iphoneos;
				SWIFT_ACTIVE_COMPILATION_CONDITIONS = DEBUG;
				SWIFT_OPTIMIZATION_LEVEL = "-Onone";
			};
			name = Debug;
		};
		9001012B28F0819A00B378A7 /* Release */ = {
			isa = XCBuildConfiguration;
			buildSettings = {
				ALWAYS_SEARCH_USER_PATHS = NO;
				CLANG_ANALYZER_NONNULL = YES;
				CLANG_ANALYZER_NUMBER_OBJECT_CONVERSION = YES_AGGRESSIVE;
				CLANG_CXX_LANGUAGE_STANDARD = "gnu++20";
				CLANG_ENABLE_MODULES = YES;
				CLANG_ENABLE_OBJC_ARC = YES;
				CLANG_ENABLE_OBJC_WEAK = YES;
				CLANG_WARN_BLOCK_CAPTURE_AUTORELEASING = YES;
				CLANG_WARN_BOOL_CONVERSION = YES;
				CLANG_WARN_COMMA = YES;
				CLANG_WARN_CONSTANT_CONVERSION = YES;
				CLANG_WARN_DEPRECATED_OBJC_IMPLEMENTATIONS = YES;
				CLANG_WARN_DIRECT_OBJC_ISA_USAGE = YES_ERROR;
				CLANG_WARN_DOCUMENTATION_COMMENTS = YES;
				CLANG_WARN_EMPTY_BODY = YES;
				CLANG_WARN_ENUM_CONVERSION = YES;
				CLANG_WARN_INFINITE_RECURSION = YES;
				CLANG_WARN_INT_CONVERSION = YES;
				CLANG_WARN_NON_LITERAL_NULL_CONVERSION = YES;
				CLANG_WARN_OBJC_IMPLICIT_RETAIN_SELF = YES;
				CLANG_WARN_OBJC_LITERAL_CONVERSION = YES;
				CLANG_WARN_OBJC_ROOT_CLASS = YES_ERROR;
				CLANG_WARN_QUOTED_INCLUDE_IN_FRAMEWORK_HEADER = YES;
				CLANG_WARN_RANGE_LOOP_ANALYSIS = YES;
				CLANG_WARN_STRICT_PROTOTYPES = YES;
				CLANG_WARN_SUSPICIOUS_MOVE = YES;
				CLANG_WARN_UNGUARDED_AVAILABILITY = YES_AGGRESSIVE;
				CLANG_WARN_UNREACHABLE_CODE = YES;
				CLANG_WARN__DUPLICATE_METHOD_MATCH = YES;
				COPY_PHASE_STRIP = NO;
				DEBUG_INFORMATION_FORMAT = "dwarf-with-dsym";
				ENABLE_NS_ASSERTIONS = NO;
				ENABLE_STRICT_OBJC_MSGSEND = YES;
				GCC_C_LANGUAGE_STANDARD = gnu11;
				GCC_NO_COMMON_BLOCKS = YES;
				GCC_WARN_64_TO_32_BIT_CONVERSION = YES;
				GCC_WARN_ABOUT_RETURN_TYPE = YES_ERROR;
				GCC_WARN_UNDECLARED_SELECTOR = YES;
				GCC_WARN_UNINITIALIZED_AUTOS = YES_AGGRESSIVE;
				GCC_WARN_UNUSED_FUNCTION = YES;
				GCC_WARN_UNUSED_VARIABLE = YES;
				IPHONEOS_DEPLOYMENT_TARGET = 16.0;
				MTL_ENABLE_DEBUG_INFO = NO;
				MTL_FAST_MATH = YES;
				SDKROOT = iphoneos;
				SWIFT_COMPILATION_MODE = wholemodule;
				SWIFT_OPTIMIZATION_LEVEL = "-O";
				VALIDATE_PRODUCT = YES;
			};
			name = Release;
		};
		9001012D28F0819A00B378A7 /* Debug */ = {
			isa = XCBuildConfiguration;
			buildSettings = {
				ASSETCATALOG_COMPILER_APPICON_NAME = AppIcon;
				ASSETCATALOG_COMPILER_GLOBAL_ACCENT_COLOR_NAME = AccentColor;
				CODE_SIGN_STYLE = Automatic;
				CURRENT_PROJECT_VERSION = 1;
				DEVELOPMENT_ASSET_PATHS = "\"TOUCHDOWN/Preview Content\"";
				DEVELOPMENT_TEAM = 6U8HRYAE4R;
				ENABLE_PREVIEWS = YES;
				GENERATE_INFOPLIST_FILE = YES;
				INFOPLIST_FILE = TOUCHDOWN/Info.plist;
				INFOPLIST_KEY_UIApplicationSceneManifest_Generation = YES;
				INFOPLIST_KEY_UIApplicationSupportsIndirectInputEvents = YES;
				INFOPLIST_KEY_UISupportedInterfaceOrientations = UIInterfaceOrientationPortrait;
				INFOPLIST_KEY_UIUserInterfaceStyle = Light;
				IPHONEOS_DEPLOYMENT_TARGET = 15.0;
				LD_RUNPATH_SEARCH_PATHS = (
					"$(inherited)",
					"@executable_path/Frameworks",
				);
				MARKETING_VERSION = 1.0;
				PRODUCT_BUNDLE_IDENTIFIER = com.touchdown.TOUCHDOWN;
				PRODUCT_NAME = "$(TARGET_NAME)";
				SWIFT_EMIT_LOC_STRINGS = YES;
				SWIFT_VERSION = 5.0;
				TARGETED_DEVICE_FAMILY = "1,2";
			};
			name = Debug;
		};
		9001012E28F0819A00B378A7 /* Release */ = {
			isa = XCBuildConfiguration;
			buildSettings = {
				ASSETCATALOG_COMPILER_APPICON_NAME = AppIcon;
				ASSETCATALOG_COMPILER_GLOBAL_ACCENT_COLOR_NAME = AccentColor;
				CODE_SIGN_STYLE = Automatic;
				CURRENT_PROJECT_VERSION = 1;
				DEVELOPMENT_ASSET_PATHS = "\"TOUCHDOWN/Preview Content\"";
				DEVELOPMENT_TEAM = 6U8HRYAE4R;
				ENABLE_PREVIEWS = YES;
				GENERATE_INFOPLIST_FILE = YES;
				INFOPLIST_FILE = TOUCHDOWN/Info.plist;
				INFOPLIST_KEY_UIApplicationSceneManifest_Generation = YES;
				INFOPLIST_KEY_UIApplicationSupportsIndirectInputEvents = YES;
				INFOPLIST_KEY_UISupportedInterfaceOrientations = UIInterfaceOrientationPortrait;
				INFOPLIST_KEY_UIUserInterfaceStyle = Light;
				IPHONEOS_DEPLOYMENT_TARGET = 15.0;
				LD_RUNPATH_SEARCH_PATHS = (
					"$(inherited)",
					"@executable_path/Frameworks",
				);
				MARKETING_VERSION = 1.0;
				PRODUCT_BUNDLE_IDENTIFIER = com.touchdown.TOUCHDOWN;
				PRODUCT_NAME = "$(TARGET_NAME)";
				SWIFT_EMIT_LOC_STRINGS = YES;
				SWIFT_VERSION = 5.0;
				TARGETED_DEVICE_FAMILY = "1,2";
			};
			name = Release;
		};
		9001013028F0819A00B378A7 /* Debug */ = {
			isa = XCBuildConfiguration;
			buildSettings = {
				ALWAYS_EMBED_SWIFT_STANDARD_LIBRARIES = YES;
				BUNDLE_LOADER = "$(TEST_HOST)";
				CODE_SIGN_STYLE = Automatic;
				CURRENT_PROJECT_VERSION = 1;
				DEVELOPMENT_TEAM = 6U8HRYAE4R;
				GENERATE_INFOPLIST_FILE = YES;
				IPHONEOS_DEPLOYMENT_TARGET = 16.0;
				MARKETING_VERSION = 1.0;
				PRODUCT_BUNDLE_IDENTIFIER = com.touchdown.TOUCHDOWNTests;
				PRODUCT_NAME = "$(TARGET_NAME)";
				SWIFT_EMIT_LOC_STRINGS = NO;
				SWIFT_VERSION = 5.0;
				TARGETED_DEVICE_FAMILY = "1,2";
				TEST_HOST = "$(BUILT_PRODUCTS_DIR)/TOUCHDOWN.app/$(BUNDLE_EXECUTABLE_FOLDER_PATH)/TOUCHDOWN";
			};
			name = Debug;
		};
		9001013128F0819A00B378A7 /* Release */ = {
			isa = XCBuildConfiguration;
			buildSettings = {
				ALWAYS_EMBED_SWIFT_STANDARD_LIBRARIES = YES;
				BUNDLE_LOADER = "$(TEST_HOST)";
				CODE_SIGN_STYLE = Automatic;
				CURRENT_PROJECT_VERSION = 1;
				DEVELOPMENT_TEAM = 6U8HRYAE4R;
				GENERATE_INFOPLIST_FILE = YES;
				IPHONEOS_DEPLOYMENT_TARGET = 16.0;
				MARKETING_VERSION = 1.0;
				PRODUCT_BUNDLE_IDENTIFIER = com.touchdown.TOUCHDOWNTests;
				PRODUCT_NAME = "$(TARGET_NAME)";
				SWIFT_EMIT_LOC_STRINGS = NO;
				SWIFT_VERSION = 5.0;
				TARGETED_DEVICE_FAMILY = "1,2";
				TEST_HOST = "$(BUILT_PRODUCTS_DIR)/TOUCHDOWN.app/$(BUNDLE_EXECUTABLE_FOLDER_PATH)/TOUCHDOWN";
			};
			name = Release;
		};
		9001013328F0819A00B378A7 /* Debug */ = {
			isa = XCBuildConfiguration;
			buildSettings = {
				ALWAYS_EMBED_SWIFT_STANDARD_LIBRARIES = YES;
				CODE_SIGN_STYLE = Automatic;
				CURRENT_PROJECT_VERSION = 1;
				DEVELOPMENT_TEAM = 6U8HRYAE4R;
				GENERATE_INFOPLIST_FILE = YES;
				MARKETING_VERSION = 1.0;
				PRODUCT_BUNDLE_IDENTIFIER = com.touchdown.TOUCHDOWNUITests;
				PRODUCT_NAME = "$(TARGET_NAME)";
				SWIFT_EMIT_LOC_STRINGS = NO;
				SWIFT_VERSION = 5.0;
				TARGETED_DEVICE_FAMILY = "1,2";
				TEST_TARGET_NAME = TOUCHDOWN;
			};
			name = Debug;
		};
		9001013428F0819A00B378A7 /* Release */ = {
			isa = XCBuildConfiguration;
			buildSettings = {
				ALWAYS_EMBED_SWIFT_STANDARD_LIBRARIES = YES;
				CODE_SIGN_STYLE = Automatic;
				CURRENT_PROJECT_VERSION = 1;
				DEVELOPMENT_TEAM = 6U8HRYAE4R;
				GENERATE_INFOPLIST_FILE = YES;
				MARKETING_VERSION = 1.0;
				PRODUCT_BUNDLE_IDENTIFIER = com.touchdown.TOUCHDOWNUITests;
				PRODUCT_NAME = "$(TARGET_NAME)";
				SWIFT_EMIT_LOC_STRINGS = NO;
				SWIFT_VERSION = 5.0;
				TARGETED_DEVICE_FAMILY = "1,2";
				TEST_TARGET_NAME = TOUCHDOWN;
			};
			name = Release;
		};
/* End XCBuildConfiguration section */

/* Begin XCConfigurationList section */
		9001010328F0819800B378A7 /* Build configuration list for PBXProject "TOUCHDOWN" */ = {
			isa = XCConfigurationList;
			buildConfigurations = (
				9001012A28F0819A00B378A7 /* Debug */,
				9001012B28F0819A00B378A7 /* Release */,
			);
			defaultConfigurationIsVisible = 0;
			defaultConfigurationName = Release;
		};
		9001012C28F0819A00B378A7 /* Build configuration list for PBXNativeTarget "TOUCHDOWN" */ = {
			isa = XCConfigurationList;
			buildConfigurations = (
				9001012D28F0819A00B378A7 /* Debug */,
				9001012E28F0819A00B378A7 /* Release */,
			);
			defaultConfigurationIsVisible = 0;
			defaultConfigurationName = Release;
		};
		9001012F28F0819A00B378A7 /* Build configuration list for PBXNativeTarget "TOUCHDOWNTests" */ = {
			isa = XCConfigurationList;
			buildConfigurations = (
				9001013028F0819A00B378A7 /* Debug */,
				9001013128F0819A00B378A7 /* Release */,
			);
			defaultConfigurationIsVisible = 0;
			defaultConfigurationName = Release;
		};
		9001013228F0819A00B378A7 /* Build configuration list for PBXNativeTarget "TOUCHDOWNUITests" */ = {
			isa = XCConfigurationList;
			buildConfigurations = (
				9001013328F0819A00B378A7 /* Debug */,
				9001013428F0819A00B378A7 /* Release */,
			);
			defaultConfigurationIsVisible = 0;
			defaultConfigurationName = Release;
		};
/* End XCConfigurationList section */
	};
	rootObject = 9001010028F0819800B378A7 /* Project object */;
}
